{
  "projects": [
    {
      "projectId": "58GpZjZCWTaJ8AUhpCwt2K",
      "version": "3.25.0",
      "dependencies": {},
      "lang": "js",
      "fileLocks": [
        {
          "assetId": "58GpZjZCWTaJ8AUhpCwt2K",
          "type": "projectCss",
          "checksum": "1f73b697edde7e05afb0dbd986b8b29c"
        }
      ],
      "codegenVersion": "0.0.1"
    },
    {
      "projectId": "7nJ7UcFmq9UzB6eXfC5z4a",
      "version": "0.28.0",
      "dependencies": {},
      "lang": "js",
      "fileLocks": [
        {
          "assetId": "7nJ7UcFmq9UzB6eXfC5z4a",
          "type": "projectCss",
          "checksum": "806e75b741d37c4c53b87355cf8dfab1"
        }
      ],
      "codegenVersion": "0.0.1"
    },
    {
      "projectId": "caUYrhr8rervwyBP2Z2CDy",
      "version": "latest",
      "dependencies": {
        "7nJ7UcFmq9UzB6eXfC5z4a": "0.28.0",
        "58GpZjZCWTaJ8AUhpCwt2K": "3.25.0"
      },
      "lang": "js",
      "fileLocks": [
        {
          "type": "globalVariant",
          "assetId": "o_YDgg1BYrMW",
          "checksum": "40b72ae131ca69df0bfced5008feef5a"
        },
        {
          "assetId": "caUYrhr8rervwyBP2Z2CDy",
          "type": "projectCss",
          "checksum": "c5d8bdaa69c86ec09eb50576a9767a90"
        },
        {
          "type": "renderModule",
          "assetId": "fBQBlNLzo0Vc",
          "checksum": "1d94d0421f45f60d912e524e4e0d2b36"
        },
        {
          "type": "cssRules",
          "assetId": "fBQBlNLzo0Vc",
          "checksum": "1d94d0421f45f60d912e524e4e0d2b36"
        },
        {
          "type": "renderModule",
          "assetId": "hws3gB7myATk",
          "checksum": "16912734b5a9566ee17f53cc8d62b4e3"
        },
        {
          "type": "cssRules",
          "assetId": "hws3gB7myATk",
          "checksum": "16912734b5a9566ee17f53cc8d62b4e3"
        },
        {
          "type": "renderModule",
          "assetId": "lKvYp9ShH-fD",
          "checksum": "1140f5abfc3f7e7e2805feba1c9d681a"
        },
        {
          "type": "cssRules",
          "assetId": "lKvYp9ShH-fD",
          "checksum": "1140f5abfc3f7e7e2805feba1c9d681a"
        },
        {
          "type": "renderModule",
          "assetId": "asxHka0126CP",
          "checksum": "975c25eed589a105109c396544ac2ff9"
        },
        {
          "type": "cssRules",
          "assetId": "asxHka0126CP",
          "checksum": "975c25eed589a105109c396544ac2ff9"
        },
        {
          "type": "renderModule",
          "assetId": "pTbKwqWvfrOq",
          "checksum": "61395dc26ca2c7237f5e26d1661d4f25"
        },
        {
          "type": "cssRules",
          "assetId": "pTbKwqWvfrOq",
          "checksum": "61395dc26ca2c7237f5e26d1661d4f25"
        },
        {
          "type": "renderModule",
          "assetId": "eqde7z6FWlnM",
          "checksum": "d96b482d114f2be01fcf27279ad20da6"
        },
        {
          "type": "cssRules",
          "assetId": "eqde7z6FWlnM",
          "checksum": "d96b482d114f2be01fcf27279ad20da6"
        },
        {
          "type": "renderModule",
          "assetId": "tWoB9nu4fliM",
          "checksum": "6e7dcd510c60370500c0cc11cba4239a"
        },
        {
          "type": "cssRules",
          "assetId": "tWoB9nu4fliM",
          "checksum": "6e7dcd510c60370500c0cc11cba4239a"
        },
        {
          "type": "renderModule",
          "assetId": "2NgZI2kQfX1c",
          "checksum": "a2dfc1fe4103f81dd28058095dbe61a5"
        },
        {
          "type": "cssRules",
          "assetId": "2NgZI2kQfX1c",
          "checksum": "a2dfc1fe4103f81dd28058095dbe61a5"
        },
        {
          "type": "renderModule",
          "assetId": "sSYGhIglcRH9",
          "checksum": "93ccdc61cdb58bd31df67569478c13e5"
        },
        {
          "type": "cssRules",
          "assetId": "sSYGhIglcRH9",
          "checksum": "93ccdc61cdb58bd31df67569478c13e5"
        },
        {
          "type": "renderModule",
          "assetId": "TgGCQd8TQrmV",
          "checksum": "1cb39af96a7e3590a0afbb940a8062ef"
        },
        {
          "type": "cssRules",
          "assetId": "TgGCQd8TQrmV",
          "checksum": "1cb39af96a7e3590a0afbb940a8062ef"
        },
        {
          "type": "icon",
          "assetId": "2i0aCx5D2s3y",
          "checksum": "4ac98ff677ff9239febd1ca5ac3db53e"
        },
        {
          "type": "icon",
          "assetId": "J6fWY7u2ukWC",
          "checksum": "efd99203713bef76c650fd75fd2ef4f6"
        },
        {
          "type": "icon",
          "assetId": "Sqi8P2MUj7ab",
          "checksum": "dbf5165bcf3a5e07885dc7be79eeab7c"
        },
        {
          "type": "icon",
          "assetId": "g0f9Opq087A-",
          "checksum": "ccf05019ecbc3d48fea1d4aec33e9275"
        },
        {
          "type": "icon",
          "assetId": "s4yY6Vnkz3kn",
          "checksum": "6742df04cb043f42eeff3aa21860f450"
        },
        {
          "type": "icon",
          "assetId": "FHXnOE-uVp6z",
          "checksum": "eff1bfb414b7c3c44bd3103dca987ab1"
        },
        {
          "type": "icon",
          "assetId": "o3blaGqBaIqQ",
          "checksum": "6a126df9461dec477280fa66beb95faa"
        },
        {
          "type": "icon",
          "assetId": "UZ1cikviYIi0",
          "checksum": "9c60c329a0be7f3d0d4477e60d2223b9"
        },
        {
          "type": "icon",
          "assetId": "i7iIl_0dllAT",
          "checksum": "9cfdca884e149125e37f9a2ba2282353"
        },
        {
          "type": "icon",
          "assetId": "qW50B7eadMoO",
          "checksum": "6fb178a684f16b33d7c1fc4a0472df9e"
        },
        {
          "type": "image",
          "assetId": "8qjTi96DaVwb",
          "checksum": "1ae3cf8946423ca7c9f964f7f0543b28"
        },
        {
          "type": "image",
          "assetId": "0FMAHKq5T64W",
          "checksum": "5db11f19c259fbf74bb7e79eb8313412"
        },
        {
          "type": "image",
          "assetId": "HDX8As02WUvu",
          "checksum": "b255a5c1c69c39600e73897b7790e98f"
        },
        {
          "type": "image",
          "assetId": "75uzmusgBwUF",
          "checksum": "514c1bb7b53d33a830c4a50ecd162145"
        },
        {
          "type": "image",
          "assetId": "P34kwSTcJsP-",
          "checksum": "5a6239c730c1cf5a7710ade74e65409f"
        },
        {
          "type": "image",
          "assetId": "0TE4T363Qdu8",
          "checksum": "4d0d1c244ee67952e9daa63c2fe2c39d"
        },
        {
          "type": "image",
          "assetId": "WCIYlLJ_DUwv",
          "checksum": "10a89bdd00e24c8197aeceaebfab92eb"
        },
        {
          "type": "image",
          "assetId": "MEWoH7XOibQq",
          "checksum": "e60fdc6d9f1472bdb2cf6c1aa6046cc0"
        },
        {
          "type": "image",
          "assetId": "08JxPDpmsDup",
          "checksum": "159abfe64e415e1486040696f11669a7"
        },
        {
          "type": "image",
          "assetId": "SFP_WpHIo9nw",
          "checksum": "bc3c2e95b068cc30aa3267cb97f88e6b"
        },
        {
          "type": "image",
          "assetId": "3WGmXaMQ8Uv0",
          "checksum": "7726dd2997dfda811b46e970ab14e4cb"
        },
        {
          "type": "image",
          "assetId": "TrKdZNt3EPzA",
          "checksum": "78c9a967ee68ea2ee6a705a9448e156a"
        },
        {
          "type": "image",
          "assetId": "bSW6OGy6HDPn",
          "checksum": "e66e89722f57ace6429cc8b48fe0b4ac"
        },
        {
          "type": "image",
          "assetId": "SSvioQDQP3pw",
          "checksum": "dafc3628a194647f74205c9eb5a4036f"
        },
        {
          "type": "image",
          "assetId": "WxLRs6zffhhs",
          "checksum": "19555305b86b30a3e9aab988ffe0d1bf"
        },
        {
          "type": "image",
          "assetId": "paw0JvhlB4tM",
          "checksum": "dd287fd59d41a4410de732e7a1ca45d1"
        },
        {
          "type": "image",
          "assetId": "K0RKrMVq4eoP",
          "checksum": "27ce6befdb1aa3f9a1f4c15f2b794d36"
        },
        {
          "type": "image",
          "assetId": "ySfANV-fZMHl",
          "checksum": "d34cdc14461aa4d705424438dbec2684"
        },
        {
          "type": "image",
          "assetId": "Lg-FQW1Yf-Mn",
          "checksum": "d6e698b5541f7075c3c86e0b908ac4f5"
        },
        {
          "type": "image",
          "assetId": "JJq21zh1DiSg",
          "checksum": "4fe1299580b0c464604ce067358e8db0"
        },
        {
          "type": "image",
          "assetId": "aFKduDYOtjPL",
          "checksum": "f9010bbbf34fe19859472208d565ed47"
        },
        {
          "type": "image",
          "assetId": "Pk4hlgewfSMN",
          "checksum": "7625ed1ce03c67bd58f8c32b76a81905"
        },
        {
          "type": "image",
          "assetId": "2-maa-1dKE7q",
          "checksum": "7bc108eda5051dabff4054862e95127e"
        },
        {
          "type": "image",
          "assetId": "d62FTqv9-0yb",
          "checksum": "2361452c1614bee1745c03678a023fc9"
        },
        {
          "type": "image",
          "assetId": "ZmoMGssIibe7",
          "checksum": "45b130b41c0421cc92b819817ce427fb"
        },
        {
          "type": "image",
          "assetId": "_PlsOIxOetfh",
          "checksum": "f82d520968ed66290799fa8e4aeb8b43"
        },
        {
          "type": "image",
          "assetId": "fY48Ui3vFQuu",
          "checksum": "cdc99611de17576bed80e50e7132cb14"
        },
        {
          "type": "image",
          "assetId": "15kPiDYVVgS6",
          "checksum": "65c3eb968e7e2b5dddba3f708eede4ab"
        },
        {
          "type": "image",
          "assetId": "uo4LzbaG7Zfn",
          "checksum": "0d8bb5f7a03c909fe1fb67a82c66e137"
        },
        {
          "type": "image",
          "assetId": "hnIbArV5DkUr",
          "checksum": "4daaa1d0836a87933abe0c322a65f951"
        },
        {
          "type": "image",
          "assetId": "ebS2ZoJdrOwR",
          "checksum": "87a8cc2dbacd1083228d203b20e5c0d5"
        },
        {
          "type": "image",
          "assetId": "he2v71oaPl9o",
          "checksum": "8e04751ce5108e96fd86a047503c7cf3"
        },
        {
          "type": "image",
          "assetId": "HEniBvSdO8PL",
          "checksum": "f46271a0d1d7db85c617edfae83f8b9a"
        },
        {
          "type": "image",
          "assetId": "Stv7uucQh-I9",
          "checksum": "0023a87e50244fddbc4ce6ae436de481"
        },
        {
          "type": "image",
          "assetId": "ul1A7anKMnmE",
          "checksum": "76f9e988b71dc3e291e3e27c5ae4f47f"
        },
        {
          "type": "image",
          "assetId": "az9EtswS9YUa",
          "checksum": "816d7b0fed0cd4cba82f11220e802746"
        },
        {
          "type": "image",
          "assetId": "7PDc5Y3q_E8r",
          "checksum": "667b3b369d269feda1a2254ff797e421"
        },
        {
          "type": "image",
          "assetId": "19qiMGTGu-DS",
          "checksum": "7aa689c245bf89b22373dc482d05582c"
        },
        {
          "type": "image",
          "assetId": "sjzWDS-K5_3i",
          "checksum": "c460eaad5fdfcb245e30c059a16da878"
        },
        {
          "type": "image",
          "assetId": "jpngnj63b35r",
          "checksum": "e19fd6f4ddacde0e3cf69cc3612ad984"
        },
        {
          "type": "image",
          "assetId": "EIk7pv9xq0yL",
          "checksum": "bc9fe9809f67f98d0c963edc449a559b"
        },
        {
          "type": "image",
          "assetId": "0JKqQpsFIXTy",
          "checksum": "751ddede53c68888bb8351104fb22d92"
        },
        {
          "type": "image",
          "assetId": "F9ICpZ8zQc5t",
          "checksum": "e1c3633e1470c044506b1bdbb3654ee0"
        },
        {
          "type": "image",
          "assetId": "pHl10BNCVek_",
          "checksum": "c0876b3bdd1b2c9cd956f8f33760edda"
        }
      ],
      "codegenVersion": "0.0.1"
    }
  ],
  "cliVersion": "0.1.330"
}
